
Microsoft Visual Studio Solution File, Format Version 12.00
# Visual Studio Version 17
VisualStudioVersion = 17.0.31903.59
MinimumVisualStudioVersion = 10.0.40219.1
Project("{2150E333-8FDC-42A3-9474-1A3956D46DE8}") = "src", "src", "{28840EB5-C903-4969-AA18-18742392A44D}"
EndProject
Project("{FAE04EC0-301F-11D3-BF4B-00C04F79EFBC}") = "DevListSyncQueueWorker", "src\DevListSyncQueueWorker\DevListSyncQueueWorker.csproj", "{46760528-48C4-42AF-B121-736B7E4326CC}"
EndProject
Global
	GlobalSection(SolutionConfigurationPlatforms) = preSolution
		Debug|Any CPU = Debug|Any CPU
		Release|Any CPU = Release|Any CPU
	EndGlobalSection
	GlobalSection(ProjectConfigurationPlatforms) = postSolution
		{46760528-48C4-42AF-B121-736B7E4326CC}.Debug|Any CPU.ActiveCfg = Debug|Any CPU
		{46760528-48C4-42AF-B121-736B7E4326CC}.Debug|Any CPU.Build.0 = Debug|Any CPU
		{46760528-48C4-42AF-B121-736B7E4326CC}.Release|Any CPU.ActiveCfg = Release|Any CPU
		{46760528-48C4-42AF-B121-736B7E4326CC}.Release|Any CPU.Build.0 = Release|Any CPU
	EndGlobalSection
	GlobalSection(SolutionProperties) = preSolution
		HideSolutionNode = FALSE
	EndGlobalSection
	GlobalSection(NestedProjects) = preSolution
		{46760528-48C4-42AF-B121-736B7E4326CC} = {28840EB5-C903-4969-AA18-18742392A44D}
	EndGlobalSection
	GlobalSection(ExtensibilityGlobals) = postSolution
		SolutionGuid = {086A38A5-8F2C-48D6-BCF7-5F641D76D25F}
	EndGlobalSection
EndGlobal
